
Microsoft Visual Studio Solution File, Format Version 12.00
# Visual Studio Version 17
VisualStudioVersion = 17.1.32319.34
MinimumVisualStudioVersion = 10.0.40219.1
Project("{FAE04EC0-301F-11D3-BF4B-00C04F79EFBC}") = "RAA_WPF_Session_04_Modeless", "RAA_WPF_Session_04_Modeless\RAA_WPF_Session_04_Modeless.csproj", "{B7B86E16-309E-4707-8AD7-FAFAD1E80210}"
EndProject
Global
	GlobalSection(SolutionConfigurationPlatforms) = preSolution
		Debug|Any CPU = Debug|Any CPU
		Release|Any CPU = Release|Any CPU
	EndGlobalSection
	GlobalSection(ProjectConfigurationPlatforms) = postSolution
		{B7B86E16-309E-4707-8AD7-FAFAD1E80210}.Debug|Any CPU.ActiveCfg = Debug|Any CPU
		{B7B86E16-309E-4707-8AD7-FAFAD1E80210}.Debug|Any CPU.Build.0 = Debug|Any CPU
		{B7B86E16-309E-4707-8AD7-FAFAD1E80210}.Release|Any CPU.ActiveCfg = Release|Any CPU
		{B7B86E16-309E-4707-8AD7-FAFAD1E80210}.Release|Any CPU.Build.0 = Release|Any CPU
	EndGlobalSection
	GlobalSection(SolutionProperties) = preSolution
		HideSolutionNode = FALSE
	EndGlobalSection
	GlobalSection(ExtensibilityGlobals) = postSolution
		SolutionGuid = {E4D72A60-A6A7-453E-A608-E775C8B0C6A5}
	EndGlobalSection
EndGlobal
